Microsoft Visual Studio Solution File, Format Version 12.00
# Visual Studio Version 17
VisualStudioVersion = 17.5.2.0
MinimumVisualStudioVersion = 10.0.40219.1
Project("{FAE04EC0-301F-11D3-BF4B-00C04F79EFBC}") = "AsyncDataAPI", "AsyncDataAPI.csproj", "{3D350C82-DF2C-166B-7A71-571A835DFE76}"
EndProject
Global
	GlobalSection(SolutionConfigurationPlatforms) = preSolution
		Debug|Any CPU = Debug|Any CPU
		Release|Any CPU = Release|Any CPU
	EndGlobalSection
	GlobalSection(ProjectConfigurationPlatforms) = postSolution
		{3D350C82-DF2C-166B-7A71-571A835DFE76}.Debug|Any CPU.ActiveCfg = Debug|Any CPU
		{3D350C82-DF2C-166B-7A71-571A835DFE76}.Debug|Any CPU.Build.0 = Debug|Any CPU
		{3D350C82-DF2C-166B-7A71-571A835DFE76}.Release|Any CPU.ActiveCfg = Release|Any CPU
		{3D350C82-DF2C-166B-7A71-571A835DFE76}.Release|Any CPU.Build.0 = Release|Any CPU
	EndGlobalSection
	GlobalSection(SolutionProperties) = preSolution
		HideSolutionNode = FALSE
	EndGlobalSection
	GlobalSection(ExtensibilityGlobals) = postSolution
		SolutionGuid = {DA17F5C1-6B1F-40A6-8D76-E5BC3B6DCBD6}
	EndGlobalSection
EndGlobal
